
Microsoft Visual Studio Solution File, Format Version 12.00
# Visual Studio Version 17
VisualStudioVersion = 17.7.34031.279
MinimumVisualStudioVersion = 10.0.40219.1
Project("{888888A0-9F3D-457C-B088-3A5042F75D52}") = "fundsmart", "fundsmart.pyproj", "{A0AF9A8F-8FD3-4F26-AEE1-C03B98549105}"
EndProject
Global
	GlobalSection(SolutionConfigurationPlatforms) = preSolution
		Debug|Any CPU = Debug|Any CPU
		Release|Any CPU = Release|Any CPU
	EndGlobalSection
	GlobalSection(ProjectConfigurationPlatforms) = postSolution
		{A0AF9A8F-8FD3-4F26-AEE1-C03B98549105}.Debug|Any CPU.ActiveCfg = Debug|Any CPU
		{A0AF9A8F-8FD3-4F26-AEE1-C03B98549105}.Release|Any CPU.ActiveCfg = Release|Any CPU
	EndGlobalSection
	GlobalSection(SolutionProperties) = preSolution
		HideSolutionNode = FALSE
	EndGlobalSection
	GlobalSection(ExtensibilityGlobals) = postSolution
		SolutionGuid = {4B8C3F6D-7015-46BA-9A3B-0A18EED04B80}
	EndGlobalSection
EndGlobal
